
Microsoft Visual Studio Solution File, Format Version 12.00
# Visual Studio Version 17
VisualStudioVersion = 17.11.35312.102
MinimumVisualStudioVersion = 10.0.40219.1
Project("{FAE04EC0-301F-11D3-BF4B-00C04F79EFBC}") = "01_MainSubjects", "01_MainSubjects\01_MainSubjects.csproj", "{D4D3C4EF-23E6-4BBF-9C17-250D168BEA0B}"
EndProject
Project("{FAE04EC0-301F-11D3-BF4B-00C04F79EFBC}") = "02_Variables", "02_Variables\02_Variables.csproj", "{74FE22BF-CA10-4E52-8930-ACE9F1FD51D2}"
EndProject
Project("{FAE04EC0-301F-11D3-BF4B-00C04F79EFBC}") = "03_MakingDecision", "03_MakingDecision\03_MakingDecision.csproj", "{97149A7A-BD48-4276-A86E-843FE81EC31D}"
EndProject
Project("{FAE04EC0-301F-11D3-BF4B-00C04F79EFBC}") = "04_Loops", "04_Loops\04_Loops.csproj", "{BBFDF3A0-E560-471F-8EB0-65B973EF60B5}"
EndProject
Project("{FAE04EC0-301F-11D3-BF4B-00C04F79EFBC}") = "05_LoopsWithStars", "05_LoopsWithStars\05_LoopsWithStars.csproj", "{6789F264-F21D-4A8B-9CF8-9845F974CEF5}"
EndProject
Project("{FAE04EC0-301F-11D3-BF4B-00C04F79EFBC}") = "06_Arrays", "06_Arrays\06_Arrays.csproj", "{5F19872C-A628-429B-B70E-DC2CF4DC6CD8}"
EndProject
Project("{FAE04EC0-301F-11D3-BF4B-00C04F79EFBC}") = "07_ForeachLoop", "07_ForeachLoop\07_ForeachLoop.csproj", "{035602FE-1B19-46B3-AC2A-142A153B5217}"
EndProject
Project("{FAE04EC0-301F-11D3-BF4B-00C04F79EFBC}") = "08_Methods", "08_Methods\08_Methods.csproj", "{A428224E-6788-4680-8D27-2DAC595A3A99}"
EndProject
Global
	GlobalSection(SolutionConfigurationPlatforms) = preSolution
		Debug|Any CPU = Debug|Any CPU
		Release|Any CPU = Release|Any CPU
	EndGlobalSection
	GlobalSection(ProjectConfigurationPlatforms) = postSolution
		{D4D3C4EF-23E6-4BBF-9C17-250D168BEA0B}.Debug|Any CPU.ActiveCfg = Debug|Any CPU
		{D4D3C4EF-23E6-4BBF-9C17-250D168BEA0B}.Debug|Any CPU.Build.0 = Debug|Any CPU
		{D4D3C4EF-23E6-4BBF-9C17-250D168BEA0B}.Release|Any CPU.ActiveCfg = Release|Any CPU
		{D4D3C4EF-23E6-4BBF-9C17-250D168BEA0B}.Release|Any CPU.Build.0 = Release|Any CPU
		{74FE22BF-CA10-4E52-8930-ACE9F1FD51D2}.Debug|Any CPU.ActiveCfg = Debug|Any CPU
		{74FE22BF-CA10-4E52-8930-ACE9F1FD51D2}.Debug|Any CPU.Build.0 = Debug|Any CPU
		{74FE22BF-CA10-4E52-8930-ACE9F1FD51D2}.Release|Any CPU.ActiveCfg = Release|Any CPU
		{74FE22BF-CA10-4E52-8930-ACE9F1FD51D2}.Release|Any CPU.Build.0 = Release|Any CPU
		{97149A7A-BD48-4276-A86E-843FE81EC31D}.Debug|Any CPU.ActiveCfg = Debug|Any CPU
		{97149A7A-BD48-4276-A86E-843FE81EC31D}.Debug|Any CPU.Build.0 = Debug|Any CPU
		{97149A7A-BD48-4276-A86E-843FE81EC31D}.Release|Any CPU.ActiveCfg = Release|Any CPU
		{97149A7A-BD48-4276-A86E-843FE81EC31D}.Release|Any CPU.Build.0 = Release|Any CPU
		{BBFDF3A0-E560-471F-8EB0-65B973EF60B5}.Debug|Any CPU.ActiveCfg = Debug|Any CPU
		{BBFDF3A0-E560-471F-8EB0-65B973EF60B5}.Debug|Any CPU.Build.0 = Debug|Any CPU
		{BBFDF3A0-E560-471F-8EB0-65B973EF60B5}.Release|Any CPU.ActiveCfg = Release|Any CPU
		{BBFDF3A0-E560-471F-8EB0-65B973EF60B5}.Release|Any CPU.Build.0 = Release|Any CPU
		{6789F264-F21D-4A8B-9CF8-9845F974CEF5}.Debug|Any CPU.ActiveCfg = Debug|Any CPU
		{6789F264-F21D-4A8B-9CF8-9845F974CEF5}.Debug|Any CPU.Build.0 = Debug|Any CPU
		{6789F264-F21D-4A8B-9CF8-9845F974CEF5}.Release|Any CPU.ActiveCfg = Release|Any CPU
		{6789F264-F21D-4A8B-9CF8-9845F974CEF5}.Release|Any CPU.Build.0 = Release|Any CPU
		{5F19872C-A628-429B-B70E-DC2CF4DC6CD8}.Debug|Any CPU.ActiveCfg = Debug|Any CPU
		{5F19872C-A628-429B-B70E-DC2CF4DC6CD8}.Debug|Any CPU.Build.0 = Debug|Any CPU
		{5F19872C-A628-429B-B70E-DC2CF4DC6CD8}.Release|Any CPU.ActiveCfg = Release|Any CPU
		{5F19872C-A628-429B-B70E-DC2CF4DC6CD8}.Release|Any CPU.Build.0 = Release|Any CPU
		{035602FE-1B19-46B3-AC2A-142A153B5217}.Debug|Any CPU.ActiveCfg = Debug|Any CPU
		{035602FE-1B19-46B3-AC2A-142A153B5217}.Debug|Any CPU.Build.0 = Debug|Any CPU
		{035602FE-1B19-46B3-AC2A-142A153B5217}.Release|Any CPU.ActiveCfg = Release|Any CPU
		{035602FE-1B19-46B3-AC2A-142A153B5217}.Release|Any CPU.Build.0 = Release|Any CPU
		{A428224E-6788-4680-8D27-2DAC595A3A99}.Debug|Any CPU.ActiveCfg = Debug|Any CPU
		{A428224E-6788-4680-8D27-2DAC595A3A99}.Debug|Any CPU.Build.0 = Debug|Any CPU
		{A428224E-6788-4680-8D27-2DAC595A3A99}.Release|Any CPU.ActiveCfg = Release|Any CPU
		{A428224E-6788-4680-8D27-2DAC595A3A99}.Release|Any CPU.Build.0 = Release|Any CPU
	EndGlobalSection
	GlobalSection(SolutionProperties) = preSolution
		HideSolutionNode = FALSE
	EndGlobalSection
	GlobalSection(ExtensibilityGlobals) = postSolution
		SolutionGuid = {C713BDFD-1AF0-4BB9-BF38-AAE08EEA42E3}
	EndGlobalSection
EndGlobal
